
Microsoft Visual Studio Solution File, Format Version 12.00
# Visual Studio Version 17
VisualStudioVersion = 17.7.34221.43
MinimumVisualStudioVersion = 10.0.40219.1
Project("{FAE04EC0-301F-11D3-BF4B-00C04F79EFBC}") = "u23668475_HW01", "u23668475_HW01.csproj", "{859A291B-C002-4C9F-8669-98A6771ECAF0}"
EndProject
Global
	GlobalSection(SolutionConfigurationPlatforms) = preSolution
		Debug|Any CPU = Debug|Any CPU
		Release|Any CPU = Release|Any CPU
	EndGlobalSection
	GlobalSection(ProjectConfigurationPlatforms) = postSolution
		{859A291B-C002-4C9F-8669-98A6771ECAF0}.Debug|Any CPU.ActiveCfg = Debug|Any CPU
		{859A291B-C002-4C9F-8669-98A6771ECAF0}.Debug|Any CPU.Build.0 = Debug|Any CPU
		{859A291B-C002-4C9F-8669-98A6771ECAF0}.Release|Any CPU.ActiveCfg = Release|Any CPU
		{859A291B-C002-4C9F-8669-98A6771ECAF0}.Release|Any CPU.Build.0 = Release|Any CPU
	EndGlobalSection
	GlobalSection(SolutionProperties) = preSolution
		HideSolutionNode = FALSE
	EndGlobalSection
	GlobalSection(ExtensibilityGlobals) = postSolution
		SolutionGuid = {56B19C0C-F53D-42EC-8276-759B5023816C}
	EndGlobalSection
EndGlobal
